// !$*UTF8*$!
{
	archiveVersion = 1;
	classes = {
	};
	objectVersion = 56;
	objects = {

/* Begin PBXBuildFile section */
		C50BB6992B02D8BD003882FE /* AppDelegate.swift in Sources */ = {isa = PBXBuildFile; fileRef = C50BB6982B02D8BD003882FE /* AppDelegate.swift */; };
		C50BB69B2B02D8BD003882FE /* SceneDelegate.swift in Sources */ = {isa = PBXBuildFile; fileRef = C50BB69A2B02D8BD003882FE /* SceneDelegate.swift */; };
		C50BB69D2B02D8BD003882FE /* ViewController.swift in Sources */ = {isa = PBXBuildFile; fileRef = C50BB69C2B02D8BD003882FE /* ViewController.swift */; };
		C50BB6A02B02D8BD003882FE /* Main.storyboard in Resources */ = {isa = PBXBuildFile; fileRef = C50BB69E2B02D8BD003882FE /* Main.storyboard */; };
		C50BB6A22B02D8C1003882FE /* Assets.xcassets in Resources */ = {isa = PBXBuildFile; fileRef = C50BB6A12B02D8C1003882FE /* Assets.xcassets */; };
		C50BB6A52B02D8C1003882FE /* LaunchScreen.storyboard in Resources */ = {isa = PBXBuildFile; fileRef = C50BB6A32B02D8C1003882FE /* LaunchScreen.storyboard */; };
/* End PBXBuildFile section */

/* Begin PBXFileReference section */
		C50BB6952B02D8BD003882FE /* primeiroProjetoCursoBackfront.app */ = {isa = PBXFileReference; explicitFileType = wrapper.application; includeInIndex = 0; path = primeiroProjetoCursoBackfront.app; sourceTree = BUILT_PRODUCTS_DIR; };
		C50BB6982B02D8BD003882FE /* AppDelegate.swift */ = {isa = PBXFileReference; lastKnownFileType = sourcecode.swift; path = AppDelegate.swift; sourceTree = "<group>"; };
		C50BB69A2B02D8BD003882FE /* SceneDelegate.swift */ = {isa = PBXFileReference; lastKnownFileType = sourcecode.swift; path = SceneDelegate.swift; sourceTree = "<group>"; };
		C50BB69C2B02D8BD003882FE /* ViewController.swift */ = {isa = PBXFileReference; lastKnownFileType = sourcecode.swift; path = ViewController.swift; sourceTree = "<group>"; };
		C50BB69F2B02D8BD003882FE /* Base */ = {isa = PBXFileReference; lastKnownFileType = file.storyboard; name = Base; path = Base.lproj/Main.storyboard; sourceTree = "<group>"; };
		C50BB6A12B02D8C1003882FE /* Assets.xcassets */ = {isa = PBXFileReference; lastKnownFileType = folder.assetcatalog; path = Assets.xcassets; sourceTree = "<group>"; };
		C50BB6A42B02D8C1003882FE /* Base */ = {isa = PBXFileReference; lastKnownFileType = file.storyboard; name = Base; path = Base.lproj/LaunchScreen.storyboard; sourceTree = "<group>"; };
		C50BB6A62B02D8C1003882FE /* Info.plist */ = {isa = PBXFileReference; lastKnownFileType = text.plist.xml; path = Info.plist; sourceTree = "<group>"; };
/* End PBXFileReference section */

/* Begin PBXFrameworksBuildPhase section */
		C50BB6922B02D8BD003882FE /* Frameworks */ = {
			isa = PBXFrameworksBuildPhase;
			buildActionMask = 2147483647;
			files = (
			);
			runOnlyForDeploymentPostprocessing = 0;
		};
/* End PBXFrameworksBuildPhase section */

/* Begin PBXGroup section */
		C50BB68C2B02D8BD003882FE = {
			isa = PBXGroup;
			children = (
				C50BB6972B02D8BD003882FE /* primeiroProjetoCursoBackfront */,
				C50BB6962B02D8BD003882FE /* Products */,
			);
			sourceTree = "<group>";
		};
		C50BB6962B02D8BD003882FE /* Products */ = {
			isa = PBXGroup;
			children = (
				C50BB6952B02D8BD003882FE /* primeiroProjetoCursoBackfront.app */,
			);
			name = Products;
			sourceTree = "<group>";
		};
		C50BB6972B02D8BD003882FE /* primeiroProjetoCursoBackfront */ = {
			isa = PBXGroup;
			children = (
				C50BB6982B02D8BD003882FE /* AppDelegate.swift */,
				C50BB69A2B02D8BD003882FE /* SceneDelegate.swift */,
				C50BB69C2B02D8BD003882FE /* ViewController.swift */,
				C50BB69E2B02D8BD003882FE /* Main.storyboard */,
				C50BB6A12B02D8C1003882FE /* Assets.xcassets */,
				C50BB6A32B02D8C1003882FE /* LaunchScreen.storyboard */,
				C50BB6A62B02D8C1003882FE /* Info.plist */,
			);
			path = primeiroProjetoCursoBackfront;
			sourceTree = "<group>";
		};
/* End PBXGroup section */

/* Begin PBXNativeTarget section */
		C50BB6942B02D8BD003882FE /* primeiroProjetoCursoBackfront */ = {
			isa = PBXNativeTarget;
			buildConfigurationList = C50BB6A92B02D8C1003882FE /* Build configuration list for PBXNativeTarget "primeiroProjetoCursoBackfront" */;
			buildPhases = (
				C50BB6912B02D8BD003882FE /* Sources */,
				C50BB6922B02D8BD003882FE /* Frameworks */,
				C50BB6932B02D8BD003882FE /* Resources */,
			);
			buildRules = (
			);
			dependencies = (
			);
			name = primeiroProjetoCursoBackfront;
			productName = primeiroProjetoCursoBackfront;
			productReference = C50BB6952B02D8BD003882FE /* primeiroProjetoCursoBackfront.app */;
			productType = "com.apple.product-type.application";
		};
/* End PBXNativeTarget section */

/* Begin PBXProject section */
		C50BB68D2B02D8BD003882FE /* Project object */ = {
			isa = PBXProject;
			attributes = {
				BuildIndependentTargetsInParallel = 1;
				LastSwiftUpdateCheck = 1420;
				LastUpgradeCheck = 1420;
				TargetAttributes = {
					C50BB6942B02D8BD003882FE = {
						CreatedOnToolsVersion = 14.2;
					};
				};
			};
			buildConfigurationList = C50BB6902B02D8BD003882FE /* Build configuration list for PBXProject "primeiroProjetoCursoBackfront" */;
			compatibilityVersion = "Xcode 14.0";
			developmentRegion = en;
			hasScannedForEncodings = 0;
			knownRegions = (
				en,
				Base,
			);
			mainGroup = C50BB68C2B02D8BD003882FE;
			productRefGroup = C50BB6962B02D8BD003882FE /* Products */;
			projectDirPath = "";
			projectRoot = "";
			targets = (
				C50BB6942B02D8BD003882FE /* primeiroProjetoCursoBackfront */,
			);
		};
/* End PBXProject section */

/* Begin PBXResourcesBuildPhase section */
		C50BB6932B02D8BD003882FE /* Resources */ = {
			isa = PBXResourcesBuildPhase;
			buildActionMask = 2147483647;
			files = (
				C50BB6A52B02D8C1003882FE /* LaunchScreen.storyboard in Resources */,
				C50BB6A22B02D8C1003882FE /* Assets.xcassets in Resources */,
				C50BB6A02B02D8BD003882FE /* Main.storyboard in Resources */,
			);
			runOnlyForDeploymentPostprocessing = 0;
		};
/* End PBXResourcesBuildPhase section */

/* Begin PBXSourcesBuildPhase section */
		C50BB6912B02D8BD003882FE /* Sources */ = {
			isa = PBXSourcesBuildPhase;
			buildActionMask = 2147483647;
			files = (
				C50BB69D2B02D8BD003882FE /* ViewController.swift in Sources */,
				C50BB6992B02D8BD003882FE /* AppDelegate.swift in Sources */,
				C50BB69B2B02D8BD003882FE /* SceneDelegate.swift in Sources */,
			);
			runOnlyForDeploymentPostprocessing = 0;
		};
/* End PBXSourcesBuildPhase section */

/* Begin PBXVariantGroup section */
		C50BB69E2B02D8BD003882FE /* Main.storyboard */ = {
			isa = PBXVariantGroup;
			children = (
				C50BB69F2B02D8BD003882FE /* Base */,
			);
			name = Main.storyboard;
			sourceTree = "<group>";
		};
		C50BB6A32B02D8C1003882FE /* LaunchScreen.storyboard */ = {
			isa = PBXVariantGroup;
			children = (
				C50BB6A42B02D8C1003882FE /* Base */,
			);
			name = LaunchScreen.storyboard;
			sourceTree = "<group>";
		};
/* End PBXVariantGroup section */

/* Begin XCBuildConfiguration section */
		C50BB6A72B02D8C1003882FE /* Debug */ = {
			isa = XCBuildConfiguration;
			buildSettings = {
				ALWAYS_SEARCH_USER_PATHS = NO;
				CLANG_ANALYZER_NONNULL = YES;
				CLANG_ANALYZER_NUMBER_OBJECT_CONVERSION = YES_AGGRESSIVE;
				CLANG_CXX_LANGUAGE_STANDARD = "gnu++20";
				CLANG_ENABLE_MODULES = YES;
				CLANG_ENABLE_OBJC_ARC = YES;
				CLANG_ENABLE_OBJC_WEAK = YES;
				CLANG_WARN_BLOCK_CAPTURE_AUTORELEASING = YES;
				CLANG_WARN_BOOL_CONVERSION = YES;
				CLANG_WARN_COMMA = YES;
				CLANG_WARN_CONSTANT_CONVERSION = YES;
				CLANG_WARN_DEPRECATED_OBJC_IMPLEMENTATIONS = YES;
				CLANG_WARN_DIRECT_OBJC_ISA_USAGE = YES_ERROR;
				CLANG_WARN_DOCUMENTATION_COMMENTS = YES;
				CLANG_WARN_EMPTY_BODY = YES;
				CLANG_WARN_ENUM_CONVERSION = YES;
				CLANG_WARN_INFINITE_RECURSION = YES;
				CLANG_WARN_INT_CONVERSION = YES;
				CLANG_WARN_NON_LITERAL_NULL_CONVERSION = YES;
				CLANG_WARN_OBJC_IMPLICIT_RETAIN_SELF = YES;
				CLANG_WARN_OBJC_LITERAL_CONVERSION = YES;
				CLANG_WARN_OBJC_ROOT_CLASS = YES_ERROR;
				CLANG_WARN_QUOTED_INCLUDE_IN_FRAMEWORK_HEADER = YES;
				CLANG_WARN_RANGE_LOOP_ANALYSIS = YES;
				CLANG_WARN_STRICT_PROTOTYPES = YES;
				CLANG_WARN_SUSPICIOUS_MOVE = YES;
				CLANG_WARN_UNGUARDED_AVAILABILITY = YES_AGGRESSIVE;
				CLANG_WARN_UNREACHABLE_CODE = YES;
				CLANG_WARN__DUPLICATE_METHOD_MATCH = YES;
				COPY_PHASE_STRIP = NO;
				DEBUG_INFORMATION_FORMAT = dwarf;
				ENABLE_STRICT_OBJC_MSGSEND = YES;
				ENABLE_TESTABILITY = YES;
				GCC_C_LANGUAGE_STANDARD = gnu11;
				GCC_DYNAMIC_NO_PIC = NO;
				GCC_NO_COMMON_BLOCKS = YES;
				GCC_OPTIMIZATION_LEVEL = 0;
				GCC_PREPROCESSOR_DEFINITIONS = (
					"DEBUG=1",
					"$(inherited)",
				);
				GCC_WARN_64_TO_32_BIT_CONVERSION = YES;
				GCC_WARN_ABOUT_RETURN_TYPE = YES_ERROR;
				GCC_WARN_UNDECLARED_SELECTOR = YES;
				GCC_WARN_UNINITIALIZED_AUTOS = YES_AGGRESSIVE;
				GCC_WARN_UNUSED_FUNCTION = YES;
				GCC_WARN_UNUSED_VARIABLE = YES;
				IPHONEOS_DEPLOYMENT_TARGET = 16.2;
				MTL_ENABLE_DEBUG_INFO = INCLUDE_SOURCE;
				MTL_FAST_MATH = YES;
				ONLY_ACTIVE_ARCH = YES;
				SDKROOT = iphoneos;
				SWIFT_ACTIVE_COMPILATION_CONDITIONS = DEBUG;
				SWIFT_OPTIMIZATION_LEVEL = "-Onone";
			};
			name = Debug;
		};
		C50BB6A82B02D8C1003882FE /* Release */ = {
			isa = XCBuildConfiguration;
			buildSettings = {
				ALWAYS_SEARCH_USER_PATHS = NO;
				CLANG_ANALYZER_NONNULL = YES;
				CLANG_ANALYZER_NUMBER_OBJECT_CONVERSION = YES_AGGRESSIVE;
				CLANG_CXX_LANGUAGE_STANDARD = "gnu++20";
				CLANG_ENABLE_MODULES = YES;
				CLANG_ENABLE_OBJC_ARC = YES;
				CLANG_ENABLE_OBJC_WEAK = YES;
				CLANG_WARN_BLOCK_CAPTURE_AUTORELEASING = YES;
				CLANG_WARN_BOOL_CONVERSION = YES;
				CLANG_WARN_COMMA = YES;
				CLANG_WARN_CONSTANT_CONVERSION = YES;
				CLANG_WARN_DEPRECATED_OBJC_IMPLEMENTATIONS = YES;
				CLANG_WARN_DIRECT_OBJC_ISA_USAGE = YES_ERROR;
				CLANG_WARN_DOCUMENTATION_COMMENTS = YES;
				CLANG_WARN_EMPTY_BODY = YES;
				CLANG_WARN_ENUM_CONVERSION = YES;
				CLANG_WARN_INFINITE_RECURSION = YES;
				CLANG_WARN_INT_CONVERSION = YES;
				CLANG_WARN_NON_LITERAL_NULL_CONVERSION = YES;
				CLANG_WARN_OBJC_IMPLICIT_RETAIN_SELF = YES;
				CLANG_WARN_OBJC_LITERAL_CONVERSION = YES;
				CLANG_WARN_OBJC_ROOT_CLASS = YES_ERROR;
				CLANG_WARN_QUOTED_INCLUDE_IN_FRAMEWORK_HEADER = YES;
				CLANG_WARN_RANGE_LOOP_ANALYSIS = YES;
				CLANG_WARN_STRICT_PROTOTYPES = YES;
				CLANG_WARN_SUSPICIOUS_MOVE = YES;
				CLANG_WARN_UNGUARDED_AVAILABILITY = YES_AGGRESSIVE;
				CLANG_WARN_UNREACHABLE_CODE = YES;
				CLANG_WARN__DUPLICATE_METHOD_MATCH = YES;
				COPY_PHASE_STRIP = NO;
				DEBUG_INFORMATION_FORMAT = "dwarf-with-dsym";
				ENABLE_NS_ASSERTIONS = NO;
				ENABLE_STRICT_OBJC_MSGSEND = YES;
				GCC_C_LANGUAGE_STANDARD = gnu11;
				GCC_NO_COMMON_BLOCKS = YES;
				GCC_WARN_64_TO_32_BIT_CONVERSION = YES;
				GCC_WARN_ABOUT_RETURN_TYPE = YES_ERROR;
				GCC_WARN_UNDECLARED_SELECTOR = YES;
				GCC_WARN_UNINITIALIZED_AUTOS = YES_AGGRESSIVE;
				GCC_WARN_UNUSED_FUNCTION = YES;
				GCC_WARN_UNUSED_VARIABLE = YES;
				IPHONEOS_DEPLOYMENT_TARGET = 16.2;
				MTL_ENABLE_DEBUG_INFO = NO;
				MTL_FAST_MATH = YES;
				SDKROOT = iphoneos;
				SWIFT_COMPILATION_MODE = wholemodule;
				SWIFT_OPTIMIZATION_LEVEL = "-O";
				VALIDATE_PRODUCT = YES;
			};
			name = Release;
		};
		C50BB6AA2B02D8C1003882FE /* Debug */ = {
			isa = XCBuildConfiguration;
			buildSettings = {
				ASSETCATALOG_COMPILER_APPICON_NAME = AppIcon;
				ASSETCATALOG_COMPILER_GLOBAL_ACCENT_COLOR_NAME = AccentColor;
				CODE_SIGN_STYLE = Automatic;
				CURRENT_PROJECT_VERSION = 1;
				DEVELOPMENT_TEAM = 92W66Y2HWR;
				GENERATE_INFOPLIST_FILE = YES;
				INFOPLIST_FILE = primeiroProjetoCursoBackfront/Info.plist;
				INFOPLIST_KEY_UIApplicationSupportsIndirectInputEvents = YES;
				INFOPLIST_KEY_UILaunchStoryboardName = LaunchScreen;
				INFOPLIST_KEY_UIMainStoryboardFile = Main;
				INFOPLIST_KEY_UISupportedInterfaceOrientations_iPad = "UIInterfaceOrientationPortrait UIInterfaceOrientationPortraitUpsideDown UIInterfaceOrientationLandscapeLeft UIInterfaceOrientationLandscapeRight";
				INFOPLIST_KEY_UISupportedInterfaceOrientations_iPhone = "UIInterfaceOrientationPortrait UIInterfaceOrientationLandscapeLeft UIInterfaceOrientationLandscapeRight";
				LD_RUNPATH_SEARCH_PATHS = (
					"$(inherited)",
					"@executable_path/Frameworks",
				);
				MARKETING_VERSION = 1.0;
				PRODUCT_BUNDLE_IDENTIFIER = edu.alexandre.primeiroProjetoCursoBackfront;
				PRODUCT_NAME = "$(TARGET_NAME)";
				SWIFT_EMIT_LOC_STRINGS = YES;
				SWIFT_VERSION = 5.0;
				TARGETED_DEVICE_FAMILY = "1,2";
			};
			name = Debug;
		};
		C50BB6AB2B02D8C1003882FE /* Release */ = {
			isa = XCBuildConfiguration;
			buildSettings = {
				ASSETCATALOG_COMPILER_APPICON_NAME = AppIcon;
				ASSETCATALOG_COMPILER_GLOBAL_ACCENT_COLOR_NAME = AccentColor;
				CODE_SIGN_STYLE = Automatic;
				CURRENT_PROJECT_VERSION = 1;
				DEVELOPMENT_TEAM = 92W66Y2HWR;
				GENERATE_INFOPLIST_FILE = YES;
				INFOPLIST_FILE = primeiroProjetoCursoBackfront/Info.plist;
				INFOPLIST_KEY_UIApplicationSupportsIndirectInputEvents = YES;
				INFOPLIST_KEY_UILaunchStoryboardName = LaunchScreen;
				INFOPLIST_KEY_UIMainStoryboardFile = Main;
				INFOPLIST_KEY_UISupportedInterfaceOrientations_iPad = "UIInterfaceOrientationPortrait UIInterfaceOrientationPortraitUpsideDown UIInterfaceOrientationLandscapeLeft UIInterfaceOrientationLandscapeRight";
				INFOPLIST_KEY_UISupportedInterfaceOrientations_iPhone = "UIInterfaceOrientationPortrait UIInterfaceOrientationLandscapeLeft UIInterfaceOrientationLandscapeRight";
				LD_RUNPATH_SEARCH_PATHS = (
					"$(inherited)",
					"@executable_path/Frameworks",
				);
				MARKETING_VERSION = 1.0;
				PRODUCT_BUNDLE_IDENTIFIER = edu.alexandre.primeiroProjetoCursoBackfront;
				PRODUCT_NAME = "$(TARGET_NAME)";
				SWIFT_EMIT_LOC_STRINGS = YES;
				SWIFT_VERSION = 5.0;
				TARGETED_DEVICE_FAMILY = "1,2";
			};
			name = Release;
		};
/* End XCBuildConfiguration section */

/* Begin XCConfigurationList section */
		C50BB6902B02D8BD003882FE /* Build configuration list for PBXProject "primeiroProjetoCursoBackfront" */ = {
			isa = XCConfigurationList;
			buildConfigurations = (
				C50BB6A72B02D8C1003882FE /* Debug */,
				C50BB6A82B02D8C1003882FE /* Release */,
			);
			defaultConfigurationIsVisible = 0;
			defaultConfigurationName = Release;
		};
		C50BB6A92B02D8C1003882FE /* Build configuration list for PBXNativeTarget "primeiroProjetoCursoBackfront" */ = {
			isa = XCConfigurationList;
			buildConfigurations = (
				C50BB6AA2B02D8C1003882FE /* Debug */,
				C50BB6AB2B02D8C1003882FE /* Release */,
			);
			defaultConfigurationIsVisible = 0;
			defaultConfigurationName = Release;
		};
/* End XCConfigurationList section */
	};
	rootObject = C50BB68D2B02D8BD003882FE /* Project object */;
}
